# Generated by move; do not edit
# This file should be checked in.

[move]
version = 4

[pinned.mainnet.MoveStdlib]
source = { git = "https://github.com/MystenLabs/sui.git", subdir = 'crates\sui-framework\packages\move-stdlib', rev = "2f5992f189cd24445cd010ccf0aa7ff418ff93b1" }
use_environment = "mainnet"
manifest_digest = "C4FE4C91DE74CBF223B2E380AE40F592177D21870DC2D7EB6227D2D694E05363"
deps = {}

[pinned.mainnet.Sui]
source = { git = "https://github.com/MystenLabs/sui.git", subdir = 'crates\sui-framework\packages\sui-framework', rev = "2f5992f189cd24445cd010ccf0aa7ff418ff93b1" }
use_environment = "mainnet"
manifest_digest = "CD547CB1ACCE0880C835DAED2D8FFCB91D56C833AE5240D3AA5B918398263195"
deps = { MoveStdlib = "MoveStdlib" }

[pinned.mainnet.portfolio]
source = { root = true }
use_environment = "mainnet"
manifest_digest = "9ED47E4CFE9C4E61E7108F1F6FE785CD27380709CE70365C7F498043D68E197C"
deps = { MoveStdlib = "MoveStdlib", Sui = "Sui" }
